
Microsoft Visual Studio Solution File, Format Version 12.00
# Visual Studio Version 17
VisualStudioVersion = 17.10.35013.160
MinimumVisualStudioVersion = 10.0.40219.1
Project("{9A19103F-16F7-4668-BE54-9A1E7A4F7556}") = "Ace's Tree Toggle", "menutesting\Ace's Tree Toggle.csproj", "{9EA28362-C71F-4AC1-983E-958CFA5F4C42}"
EndProject
Global
	GlobalSection(SolutionConfigurationPlatforms) = preSolution
		Debug|Any CPU = Debug|Any CPU
		Release|Any CPU = Release|Any CPU
	EndGlobalSection
	GlobalSection(ProjectConfigurationPlatforms) = postSolution
		{9EA28362-C71F-4AC1-983E-958CFA5F4C42}.Debug|Any CPU.ActiveCfg = Debug|Any CPU
		{9EA28362-C71F-4AC1-983E-958CFA5F4C42}.Debug|Any CPU.Build.0 = Debug|Any CPU
		{9EA28362-C71F-4AC1-983E-958CFA5F4C42}.Release|Any CPU.ActiveCfg = Release|Any CPU
		{9EA28362-C71F-4AC1-983E-958CFA5F4C42}.Release|Any CPU.Build.0 = Release|Any CPU
	EndGlobalSection
	GlobalSection(SolutionProperties) = preSolution
		HideSolutionNode = FALSE
	EndGlobalSection
	GlobalSection(ExtensibilityGlobals) = postSolution
		SolutionGuid = {F2934F78-DE8F-4F81-8798-5422FF4D66AC}
	EndGlobalSection
EndGlobal
